{
  "name": "rwandadata",
  "lockfileVersion": 3,
  "requires": true,
  "packages": {
    "": {
      "dependencies": {
        "rwanda": "^2.1.6"
      }
    },
    "node_modules/rwanda": {
      "version": "2.1.6",
      "resolved": "https://registry.npmjs.org/rwanda/-/rwanda-2.1.6.tgz",
      "integrity": "sha512-2nRQiH4wtz9MDZSZ0I7418BOiwdYoktqB3DROJm0l70P2TOE1hb2gDFEwIN07lVEIJMikgtJf+tCNQYPmz9vUg=="
    }
  }
}
